# This file is automatically @generated by Poetry 1.4.0 and should not be changed by hand.

[[package]]
name = "juliacall"
version = "0.9.12"
description = "Julia and Python in seamless harmony"
category = "main"
optional = false
python-versions = "~=3.7"
files = [
    {file = "juliacall-0.9.12-py3-none-any.whl", hash = "sha256:1f8e97473cbcc74d75f18ae45ca5d7bbfc17696764c7cbb2a7664300842cc724"},
    {file = "juliacall-0.9.12.tar.gz", hash = "sha256:20cc00263adacb2a3837486d8f64b2eb7ac4e98da7e941f06fc0df51987f7b9d"},
]

[package.dependencies]
juliapkg = ">=0.1.8,<0.2.0"

[[package]]
name = "juliapkg"
version = "0.1.10"
description = "Julia version manager and package manager"
category = "main"
optional = false
python-versions = "*"
files = [
    {file = "juliapkg-0.1.10-py3-none-any.whl", hash = "sha256:716a4e665bd3c9cc9321d45712d60ba624c50d64ec73b04a7f0ee962649c8f1b"},
    {file = "juliapkg-0.1.10.tar.gz", hash = "sha256:70507318d51ac8663e856f56048764e49f5a0c4c90d81a3712d039a316369505"},
]

[package.dependencies]
semantic-version = ">=2.9,<3.0"

[[package]]
name = "semantic-version"
version = "2.10.0"
description = "A library implementing the 'SemVer' scheme."
category = "main"
optional = false
python-versions = ">=2.7"
files = [
    {file = "semantic_version-2.10.0-py2.py3-none-any.whl", hash = "sha256:de78a3b8e0feda74cabc54aab2da702113e33ac9d9eb9d2389bcf1f58b7d9177"},
    {file = "semantic_version-2.10.0.tar.gz", hash = "sha256:bdabb6d336998cbb378d4b9db3a4b56a1e3235701dc05ea2690d9a997ed5041c"},
]

[package.extras]
dev = ["Django (>=1.11)", "check-manifest", "colorama (<=0.4.1)", "coverage", "flake8", "nose2", "readme-renderer (<25.0)", "tox", "wheel", "zest.releaser[recommended]"]
doc = ["Sphinx", "sphinx-rtd-theme"]

[metadata]
lock-version = "2.0"
python-versions = "^3.8"
content-hash = "908308bd7e147584d3f31c0d575c30980b221c9dd7f67f1f21dcb649086a22f9"
